# @generated - this file is auto-generated by `mise lock` https://mise.en.dev/dev-tools/mise-lock.html

[[tools.aube]]
version = "1.25.0"
backend = "aqua:jdx/aube"

[tools.aube."platforms.linux-x64"]
checksum = "sha256:533cc07db90c45b327c760ddb617119be025bd8b4a2100f258762d56ec7e9351"
url = "https://github.com/jdx/aube/releases/download/v1.25.0/aube-v1.25.0-x86_64-unknown-linux-gnu.tar.gz"
provenance = "github-attestations"

[[tools.node]]
version = "24.18.0"
backend = "core:node"

[tools.node."platforms.linux-x64"]
checksum = "sha256:783130984963db7ba9cbd01089eaf2c2efb055c7c1693c943174b967b3050cb8"
url = "https://nodejs.org/dist/v24.18.0/node-v24.18.0-linux-x64.tar.gz"

[[tools.python]]
version = "3.12.13"
backend = "core:python"

[tools.python."platforms.linux-x64"]
checksum = "sha256:10a452caac7041357805f0c19a60576df53f1ab06d1abfc9200f1f0157cb3bd1"
url = "https://github.com/astral-sh/python-build-standalone/releases/download/20260623/cpython-3.12.13+20260623-x86_64-unknown-linux-gnu-install_only_stripped.tar.gz"
provenance = "github-attestations"

[[tools.ruff]]
version = "0.15.20"
backend = "aqua:astral-sh/ruff"

[tools.ruff."platforms.linux-x64"]
checksum = "sha256:0715560b2402024b529a4ffd6ea7d3814a090eb255a6216259fb192823be3ad8"
url = "https://github.com/astral-sh/ruff/releases/download/0.15.20/ruff-x86_64-unknown-linux-musl.tar.gz"
provenance = "github-attestations"

[[tools.ty]]
version = "0.0.56"
backend = "aqua:astral-sh/ty"

[tools.ty."platforms.linux-x64"]
checksum = "sha256:770eeaeb5cda957a8a16299f1ac0e1f8c4f8d8d8443d52077c5fb38372fa9866"
url = "https://github.com/astral-sh/ty/releases/download/0.0.56/ty-x86_64-unknown-linux-musl.tar.gz"
provenance = "github-attestations"
